
Microsoft Visual Studio Solution File, Format Version 12.00
# Visual Studio 15
VisualStudioVersion = 15.0.27428.2015
MinimumVisualStudioVersion = 10.0.40219.1
Project("{8BC9CEB8-8B4A-11D0-8D11-00A0C91BC942}") = "370FinalProject", "370FinalProject\370FinalProject.vcxproj", "{53CE5D16-5E33-4EF9-8A51-57F589855955}"
EndProject
Global
	GlobalSection(SolutionConfigurationPlatforms) = preSolution
		Debug|x64 = Debug|x64
		Debug|x86 = Debug|x86
		Release|x64 = Release|x64
		Release|x86 = Release|x86
	EndGlobalSection
	GlobalSection(ProjectConfigurationPlatforms) = postSolution
		{53CE5D16-5E33-4EF9-8A51-57F589855955}.Debug|x64.ActiveCfg = Debug|x64
		{53CE5D16-5E33-4EF9-8A51-57F589855955}.Debug|x64.Build.0 = Debug|x64
		{53CE5D16-5E33-4EF9-8A51-57F589855955}.Debug|x86.ActiveCfg = Debug|Win32
		{53CE5D16-5E33-4EF9-8A51-57F589855955}.Debug|x86.Build.0 = Debug|Win32
		{53CE5D16-5E33-4EF9-8A51-57F589855955}.Release|x64.ActiveCfg = Release|x64
		{53CE5D16-5E33-4EF9-8A51-57F589855955}.Release|x64.Build.0 = Release|x64
		{53CE5D16-5E33-4EF9-8A51-57F589855955}.Release|x86.ActiveCfg = Release|Win32
		{53CE5D16-5E33-4EF9-8A51-57F589855955}.Release|x86.Build.0 = Release|Win32
	EndGlobalSection
	GlobalSection(SolutionProperties) = preSolution
		HideSolutionNode = FALSE
	EndGlobalSection
	GlobalSection(ExtensibilityGlobals) = postSolution
		SolutionGuid = {1B622830-6833-407C-9B6D-CE9D9168D62E}
	EndGlobalSection
EndGlobal
